
Microsoft Visual Studio Solution File, Format Version 12.00
# Visual Studio 15
VisualStudioVersion = 15.0.27428.2002
MinimumVisualStudioVersion = 10.0.40219.1
Project("{FAE04EC0-301F-11D3-BF4B-00C04F79EFBC}") = "Mass BTC Balance Checker", "Mass BTC Balance Checker\Mass BTC Balance Checker.csproj", "{FE8EF0CD-BB6A-48B0-8FF3-A1EC50468423}"
EndProject
Global
	GlobalSection(SolutionConfigurationPlatforms) = preSolution
		Debug|Any CPU = Debug|Any CPU
		Release|Any CPU = Release|Any CPU
	EndGlobalSection
	GlobalSection(ProjectConfigurationPlatforms) = postSolution
		{FE8EF0CD-BB6A-48B0-8FF3-A1EC50468423}.Debug|Any CPU.ActiveCfg = Debug|Any CPU
		{FE8EF0CD-BB6A-48B0-8FF3-A1EC50468423}.Debug|Any CPU.Build.0 = Debug|Any CPU
		{FE8EF0CD-BB6A-48B0-8FF3-A1EC50468423}.Release|Any CPU.ActiveCfg = Release|Any CPU
		{FE8EF0CD-BB6A-48B0-8FF3-A1EC50468423}.Release|Any CPU.Build.0 = Release|Any CPU
	EndGlobalSection
	GlobalSection(SolutionProperties) = preSolution
		HideSolutionNode = FALSE
	EndGlobalSection
	GlobalSection(ExtensibilityGlobals) = postSolution
		SolutionGuid = {E313F546-994B-42CB-8726-28A38999DBFF}
	EndGlobalSection
EndGlobal
